
Microsoft Visual Studio Solution File, Format Version 12.00
# Visual Studio 15
VisualStudioVersion = 15.0.28307.271
MinimumVisualStudioVersion = 10.0.40219.1
Project("{FAE04EC0-301F-11D3-BF4B-00C04F79EFBC}") = "Neo.ConsoleApp.DependencyInjection", "Neo.ConsoleApp.DependencyInjection\Neo.ConsoleApp.DependencyInjection.csproj", "{7219623C-4DD1-4AC0-8AB5-B5F08C59DEB1}"
EndProject
Project("{FAE04EC0-301F-11D3-BF4B-00C04F79EFBC}") = "Neo.ConsoleApp.DependencyInjection.Tests", "Neo.ConsoleApp.DependencyInjection.Tests\Neo.ConsoleApp.DependencyInjection.Tests.csproj", "{7E6B44B8-02D7-4447-9DE8-DC343741C027}"
EndProject
Global
	GlobalSection(SolutionConfigurationPlatforms) = preSolution
		Debug|Any CPU = Debug|Any CPU
		Release|Any CPU = Release|Any CPU
	EndGlobalSection
	GlobalSection(ProjectConfigurationPlatforms) = postSolution
		{7219623C-4DD1-4AC0-8AB5-B5F08C59DEB1}.Debug|Any CPU.ActiveCfg = Debug|Any CPU
		{7219623C-4DD1-4AC0-8AB5-B5F08C59DEB1}.Debug|Any CPU.Build.0 = Debug|Any CPU
		{7219623C-4DD1-4AC0-8AB5-B5F08C59DEB1}.Release|Any CPU.ActiveCfg = Release|Any CPU
		{7219623C-4DD1-4AC0-8AB5-B5F08C59DEB1}.Release|Any CPU.Build.0 = Release|Any CPU
		{7E6B44B8-02D7-4447-9DE8-DC343741C027}.Debug|Any CPU.ActiveCfg = Debug|Any CPU
		{7E6B44B8-02D7-4447-9DE8-DC343741C027}.Debug|Any CPU.Build.0 = Debug|Any CPU
		{7E6B44B8-02D7-4447-9DE8-DC343741C027}.Release|Any CPU.ActiveCfg = Release|Any CPU
		{7E6B44B8-02D7-4447-9DE8-DC343741C027}.Release|Any CPU.Build.0 = Release|Any CPU
	EndGlobalSection
	GlobalSection(SolutionProperties) = preSolution
		HideSolutionNode = FALSE
	EndGlobalSection
	GlobalSection(ExtensibilityGlobals) = postSolution
		SolutionGuid = {244EA14F-75A3-42F9-931A-D7052A5ADE6B}
	EndGlobalSection
EndGlobal
